{
  "name": "ga-wdi-boston.browser-template",
  "version": "0.0.3",
  "lockfileVersion": 1,
  "requires": true,
  "dependencies": {
    "devicon": {
      "version": "2.0.0",
      "resolved": "https://registry.npmjs.org/devicon/-/devicon-2.0.0.tgz",
      "integrity": "sha1-Y3SijBhWGr4VcgrwHcpeoJU81Rs="
    }
  }
}
